
Microsoft Visual Studio Solution File, Format Version 12.00
# Visual Studio Version 17
VisualStudioVersion = 17.7.34031.279
MinimumVisualStudioVersion = 10.0.40219.1
Project("{9A19103F-16F7-4668-BE54-9A1E7A4F7556}") = "BookstoreBlazor", "BookstoreBlazor\BookstoreBlazor.csproj", "{B637AE90-A14B-4C9C-9433-A9829C689153}"
EndProject
Project("{2150E333-8FDC-42A3-9474-1A3956D46DE8}") = "Solution Items", "Solution Items", "{2DCBFC44-56B8-40B4-9C00-BCD208D316CC}"
	ProjectSection(SolutionItems) = preProject
		.editorconfig = .editorconfig
	EndProjectSection
EndProject
Project("{9A19103F-16F7-4668-BE54-9A1E7A4F7556}") = "BookstoreDatabase", "BookstoreDatabase\BookstoreDatabase.csproj", "{EE4B8112-AAD7-4B94-9CCC-53544EA938F9}"
EndProject
Project("{9A19103F-16F7-4668-BE54-9A1E7A4F7556}") = "BookstoreAPI", "BookstoreAPI\BookstoreAPI.csproj", "{2CE0629D-E6FF-4595-B99C-680CCD1AFCB9}"
	ProjectSection(ProjectDependencies) = postProject
		{EE4B8112-AAD7-4B94-9CCC-53544EA938F9} = {EE4B8112-AAD7-4B94-9CCC-53544EA938F9}
	EndProjectSection
EndProject
Project("{9A19103F-16F7-4668-BE54-9A1E7A4F7556}") = "BookStoreModels", "BookStoreModels\BookStoreModels.csproj", "{4F1FFF72-CBB6-40E9-85C8-D6F85C4C0251}"
	ProjectSection(ProjectDependencies) = postProject
		{EE4B8112-AAD7-4B94-9CCC-53544EA938F9} = {EE4B8112-AAD7-4B94-9CCC-53544EA938F9}
	EndProjectSection
EndProject
Global
	GlobalSection(SolutionConfigurationPlatforms) = preSolution
		Debug|Any CPU = Debug|Any CPU
		Release|Any CPU = Release|Any CPU
	EndGlobalSection
	GlobalSection(ProjectConfigurationPlatforms) = postSolution
		{B637AE90-A14B-4C9C-9433-A9829C689153}.Debug|Any CPU.ActiveCfg = Debug|Any CPU
		{B637AE90-A14B-4C9C-9433-A9829C689153}.Debug|Any CPU.Build.0 = Debug|Any CPU
		{B637AE90-A14B-4C9C-9433-A9829C689153}.Release|Any CPU.ActiveCfg = Release|Any CPU
		{B637AE90-A14B-4C9C-9433-A9829C689153}.Release|Any CPU.Build.0 = Release|Any CPU
		{EE4B8112-AAD7-4B94-9CCC-53544EA938F9}.Debug|Any CPU.ActiveCfg = Debug|Any CPU
		{EE4B8112-AAD7-4B94-9CCC-53544EA938F9}.Debug|Any CPU.Build.0 = Debug|Any CPU
		{EE4B8112-AAD7-4B94-9CCC-53544EA938F9}.Release|Any CPU.ActiveCfg = Release|Any CPU
		{EE4B8112-AAD7-4B94-9CCC-53544EA938F9}.Release|Any CPU.Build.0 = Release|Any CPU
		{2CE0629D-E6FF-4595-B99C-680CCD1AFCB9}.Debug|Any CPU.ActiveCfg = Debug|Any CPU
		{2CE0629D-E6FF-4595-B99C-680CCD1AFCB9}.Debug|Any CPU.Build.0 = Debug|Any CPU
		{2CE0629D-E6FF-4595-B99C-680CCD1AFCB9}.Release|Any CPU.ActiveCfg = Release|Any CPU
		{2CE0629D-E6FF-4595-B99C-680CCD1AFCB9}.Release|Any CPU.Build.0 = Release|Any CPU
		{4F1FFF72-CBB6-40E9-85C8-D6F85C4C0251}.Debug|Any CPU.ActiveCfg = Debug|Any CPU
		{4F1FFF72-CBB6-40E9-85C8-D6F85C4C0251}.Debug|Any CPU.Build.0 = Debug|Any CPU
		{4F1FFF72-CBB6-40E9-85C8-D6F85C4C0251}.Release|Any CPU.ActiveCfg = Release|Any CPU
		{4F1FFF72-CBB6-40E9-85C8-D6F85C4C0251}.Release|Any CPU.Build.0 = Release|Any CPU
	EndGlobalSection
	GlobalSection(SolutionProperties) = preSolution
		HideSolutionNode = FALSE
	EndGlobalSection
	GlobalSection(ExtensibilityGlobals) = postSolution
		SolutionGuid = {89DB26E3-DCC9-4FC9-A36C-C4C3FCB505BA}
	EndGlobalSection
EndGlobal
